# THIS IS AN AUTOGENERATED FILE. DO NOT EDIT THIS FILE DIRECTLY.
# yarn lockfile v1


"@vant/weapp@^1.6.3":
  version "1.6.3"
  resolved "https://registry.yarnpkg.com/@vant/weapp/-/weapp-1.6.3.tgz#d00ea8058fa1f9a7bf746bb00761876ee7d22c63"
  integrity sha512-XlyaJNrYXqnhGthF5lm3xnrDRj/u8PtyJ9zZZE1P/lOEt8oTqgGXOqXt2C6sojXe56fHYLOzZX5a4Vr4s3M+9g==
